// !$*UTF8*$!
{
	archiveVersion = 1;
	classes = {
	};
	objectVersion = 50;
	objects = {

/* Begin PBXBuildFile section */
		C336BFEF253F716C00282ECD /* test_bitriseApp.swift in Sources */ = {isa = PBXBuildFile; fileRef = C336BFEE253F716C00282ECD /* test_bitriseApp.swift */; };
		C336BFF1253F716C00282ECD /* ContentView.swift in Sources */ = {isa = PBXBuildFile; fileRef = C336BFF0253F716C00282ECD /* ContentView.swift */; };
		C336BFF3253F717500282ECD /* Assets.xcassets in Resources */ = {isa = PBXBuildFile; fileRef = C336BFF2253F717500282ECD /* Assets.xcassets */; };
		C336BFF6253F717500282ECD /* Preview Assets.xcassets in Resources */ = {isa = PBXBuildFile; fileRef = C336BFF5253F717500282ECD /* Preview Assets.xcassets */; };
		C336C001253F717500282ECD /* test_bitriseTests.swift in Sources */ = {isa = PBXBuildFile; fileRef = C336C000253F717500282ECD /* test_bitriseTests.swift */; };
		C336C00C253F717500282ECD /* test_bitriseUITests.swift in Sources */ = {isa = PBXBuildFile; fileRef = C336C00B253F717500282ECD /* test_bitriseUITests.swift */; };
		C336C01D253F718E00282ECD /* MainView.swift in Sources */ = {isa = PBXBuildFile; fileRef = C336C01C253F718E00282ECD /* MainView.swift */; };
		C336C022253F76B700282ECD /* Icon.xcassets in Resources */ = {isa = PBXBuildFile; fileRef = C336C021253F76B700282ECD /* Icon.xcassets */; };
/* End PBXBuildFile section */

/* Begin PBXContainerItemProxy section */
		C336BFFD253F717500282ECD /* PBXContainerItemProxy */ = {
			isa = PBXContainerItemProxy;
			containerPortal = C336BFE3253F716C00282ECD /* Project object */;
			proxyType = 1;
			remoteGlobalIDString = C336BFEA253F716C00282ECD;
			remoteInfo = "test-bitrise";
		};
		C336C008253F717500282ECD /* PBXContainerItemProxy */ = {
			isa = PBXContainerItemProxy;
			containerPortal = C336BFE3253F716C00282ECD /* Project object */;
			proxyType = 1;
			remoteGlobalIDString = C336BFEA253F716C00282ECD;
			remoteInfo = "test-bitrise";
		};
/* End PBXContainerItemProxy section */

/* Begin PBXFileReference section */
		C336BFEB253F716C00282ECD /* test-bitrise.app */ = {isa = PBXFileReference; explicitFileType = wrapper.application; includeInIndex = 0; path = "test-bitrise.app"; sourceTree = BUILT_PRODUCTS_DIR; };
		C336BFEE253F716C00282ECD /* test_bitriseApp.swift */ = {isa = PBXFileReference; lastKnownFileType = sourcecode.swift; path = test_bitriseApp.swift; sourceTree = "<group>"; };
		C336BFF0253F716C00282ECD /* ContentView.swift */ = {isa = PBXFileReference; lastKnownFileType = sourcecode.swift; path = ContentView.swift; sourceTree = "<group>"; };
		C336BFF2253F717500282ECD /* Assets.xcassets */ = {isa = PBXFileReference; lastKnownFileType = folder.assetcatalog; path = Assets.xcassets; sourceTree = "<group>"; };
		C336BFF5253F717500282ECD /* Preview Assets.xcassets */ = {isa = PBXFileReference; lastKnownFileType = folder.assetcatalog; path = "Preview Assets.xcassets"; sourceTree = "<group>"; };
		C336BFF7253F717500282ECD /* Info.plist */ = {isa = PBXFileReference; lastKnownFileType = text.plist.xml; path = Info.plist; sourceTree = "<group>"; };
		C336BFFC253F717500282ECD /* test-bitriseTests.xctest */ = {isa = PBXFileReference; explicitFileType = wrapper.cfbundle; includeInIndex = 0; path = "test-bitriseTests.xctest"; sourceTree = BUILT_PRODUCTS_DIR; };
		C336C000253F717500282ECD /* test_bitriseTests.swift */ = {isa = PBXFileReference; lastKnownFileType = sourcecode.swift; path = test_bitriseTests.swift; sourceTree = "<group>"; };
		C336C002253F717500282ECD /* Info.plist */ = {isa = PBXFileReference; lastKnownFileType = text.plist.xml; path = Info.plist; sourceTree = "<group>"; };
		C336C007253F717500282ECD /* test-bitriseUITests.xctest */ = {isa = PBXFileReference; explicitFileType = wrapper.cfbundle; includeInIndex = 0; path = "test-bitriseUITests.xctest"; sourceTree = BUILT_PRODUCTS_DIR; };
		C336C00B253F717500282ECD /* test_bitriseUITests.swift */ = {isa = PBXFileReference; lastKnownFileType = sourcecode.swift; path = test_bitriseUITests.swift; sourceTree = "<group>"; };
		C336C00D253F717500282ECD /* Info.plist */ = {isa = PBXFileReference; lastKnownFileType = text.plist.xml; path = Info.plist; sourceTree = "<group>"; };
		C336C01C253F718E00282ECD /* MainView.swift */ = {isa = PBXFileReference; lastKnownFileType = sourcecode.swift; path = MainView.swift; sourceTree = "<group>"; };
		C336C021253F76B700282ECD /* Icon.xcassets */ = {isa = PBXFileReference; lastKnownFileType = folder.assetcatalog; path = Icon.xcassets; sourceTree = "<group>"; };
/* End PBXFileReference section */

/* Begin PBXFrameworksBuildPhase section */
		C336BFE8253F716C00282ECD /* Frameworks */ = {
			isa = PBXFrameworksBuildPhase;
			buildActionMask = 2147483647;
			files = (
			);
			runOnlyForDeploymentPostprocessing = 0;
		};
		C336BFF9253F717500282ECD /* Frameworks */ = {
			isa = PBXFrameworksBuildPhase;
			buildActionMask = 2147483647;
			files = (
			);
			runOnlyForDeploymentPostprocessing = 0;
		};
		C336C004253F717500282ECD /* Frameworks */ = {
			isa = PBXFrameworksBuildPhase;
			buildActionMask = 2147483647;
			files = (
			);
			runOnlyForDeploymentPostprocessing = 0;
		};
/* End PBXFrameworksBuildPhase section */

/* Begin PBXGroup section */
		C336BFE2253F716C00282ECD = {
			isa = PBXGroup;
			children = (
				C336BFED253F716C00282ECD /* test-bitrise */,
				C336BFFF253F717500282ECD /* test-bitriseTests */,
				C336C00A253F717500282ECD /* test-bitriseUITests */,
				C336BFEC253F716C00282ECD /* Products */,
			);
			sourceTree = "<group>";
		};
		C336BFEC253F716C00282ECD /* Products */ = {
			isa = PBXGroup;
			children = (
				C336BFEB253F716C00282ECD /* test-bitrise.app */,
				C336BFFC253F717500282ECD /* test-bitriseTests.xctest */,
				C336C007253F717500282ECD /* test-bitriseUITests.xctest */,
			);
			name = Products;
			sourceTree = "<group>";
		};
		C336BFED253F716C00282ECD /* test-bitrise */ = {
			isa = PBXGroup;
			children = (
				C336C021253F76B700282ECD /* Icon.xcassets */,
				C336BFEE253F716C00282ECD /* test_bitriseApp.swift */,
				C336BFF0253F716C00282ECD /* ContentView.swift */,
				C336C01C253F718E00282ECD /* MainView.swift */,
				C336BFF2253F717500282ECD /* Assets.xcassets */,
				C336BFF7253F717500282ECD /* Info.plist */,
				C336BFF4253F717500282ECD /* Preview Content */,
			);
			path = "test-bitrise";
			sourceTree = "<group>";
		};
		C336BFF4253F717500282ECD /* Preview Content */ = {
			isa = PBXGroup;
			children = (
				C336BFF5253F717500282ECD /* Preview Assets.xcassets */,
			);
			path = "Preview Content";
			sourceTree = "<group>";
		};
		C336BFFF253F717500282ECD /* test-bitriseTests */ = {
			isa = PBXGroup;
			children = (
				C336C000253F717500282ECD /* test_bitriseTests.swift */,
				C336C002253F717500282ECD /* Info.plist */,
			);
			path = "test-bitriseTests";
			sourceTree = "<group>";
		};
		C336C00A253F717500282ECD /* test-bitriseUITests */ = {
			isa = PBXGroup;
			children = (
				C336C00B253F717500282ECD /* test_bitriseUITests.swift */,
				C336C00D253F717500282ECD /* Info.plist */,
			);
			path = "test-bitriseUITests";
			sourceTree = "<group>";
		};
/* End PBXGroup section */

/* Begin PBXNativeTarget section */
		C336BFEA253F716C00282ECD /* test-bitrise */ = {
			isa = PBXNativeTarget;
			buildConfigurationList = C336C010253F717500282ECD /* Build configuration list for PBXNativeTarget "test-bitrise" */;
			buildPhases = (
				C336BFE7253F716C00282ECD /* Sources */,
				C336BFE8253F716C00282ECD /* Frameworks */,
				C336BFE9253F716C00282ECD /* Resources */,
			);
			buildRules = (
			);
			dependencies = (
			);
			name = "test-bitrise";
			productName = "test-bitrise";
			productReference = C336BFEB253F716C00282ECD /* test-bitrise.app */;
			productType = "com.apple.product-type.application";
		};
		C336BFFB253F717500282ECD /* test-bitriseTests */ = {
			isa = PBXNativeTarget;
			buildConfigurationList = C336C013253F717500282ECD /* Build configuration list for PBXNativeTarget "test-bitriseTests" */;
			buildPhases = (
				C336BFF8253F717500282ECD /* Sources */,
				C336BFF9253F717500282ECD /* Frameworks */,
				C336BFFA253F717500282ECD /* Resources */,
			);
			buildRules = (
			);
			dependencies = (
				C336BFFE253F717500282ECD /* PBXTargetDependency */,
			);
			name = "test-bitriseTests";
			productName = "test-bitriseTests";
			productReference = C336BFFC253F717500282ECD /* test-bitriseTests.xctest */;
			productType = "com.apple.product-type.bundle.unit-test";
		};
		C336C006253F717500282ECD /* test-bitriseUITests */ = {
			isa = PBXNativeTarget;
			buildConfigurationList = C336C016253F717500282ECD /* Build configuration list for PBXNativeTarget "test-bitriseUITests" */;
			buildPhases = (
				C336C003253F717500282ECD /* Sources */,
				C336C004253F717500282ECD /* Frameworks */,
				C336C005253F717500282ECD /* Resources */,
			);
			buildRules = (
			);
			dependencies = (
				C336C009253F717500282ECD /* PBXTargetDependency */,
			);
			name = "test-bitriseUITests";
			productName = "test-bitriseUITests";
			productReference = C336C007253F717500282ECD /* test-bitriseUITests.xctest */;
			productType = "com.apple.product-type.bundle.ui-testing";
		};
/* End PBXNativeTarget section */

/* Begin PBXProject section */
		C336BFE3253F716C00282ECD /* Project object */ = {
			isa = PBXProject;
			attributes = {
				LastSwiftUpdateCheck = 1200;
				LastUpgradeCheck = 1200;
				TargetAttributes = {
					C336BFEA253F716C00282ECD = {
						CreatedOnToolsVersion = 12.0.1;
					};
					C336BFFB253F717500282ECD = {
						CreatedOnToolsVersion = 12.0.1;
						TestTargetID = C336BFEA253F716C00282ECD;
					};
					C336C006253F717500282ECD = {
						CreatedOnToolsVersion = 12.0.1;
						TestTargetID = C336BFEA253F716C00282ECD;
					};
				};
			};
			buildConfigurationList = C336BFE6253F716C00282ECD /* Build configuration list for PBXProject "test-bitrise" */;
			compatibilityVersion = "Xcode 9.3";
			developmentRegion = en;
			hasScannedForEncodings = 0;
			knownRegions = (
				en,
				Base,
			);
			mainGroup = C336BFE2253F716C00282ECD;
			productRefGroup = C336BFEC253F716C00282ECD /* Products */;
			projectDirPath = "";
			projectRoot = "";
			targets = (
				C336BFEA253F716C00282ECD /* test-bitrise */,
				C336BFFB253F717500282ECD /* test-bitriseTests */,
				C336C006253F717500282ECD /* test-bitriseUITests */,
			);
		};
/* End PBXProject section */

/* Begin PBXResourcesBuildPhase section */
		C336BFE9253F716C00282ECD /* Resources */ = {
			isa = PBXResourcesBuildPhase;
			buildActionMask = 2147483647;
			files = (
				C336C022253F76B700282ECD /* Icon.xcassets in Resources */,
				C336BFF6253F717500282ECD /* Preview Assets.xcassets in Resources */,
				C336BFF3253F717500282ECD /* Assets.xcassets in Resources */,
			);
			runOnlyForDeploymentPostprocessing = 0;
		};
		C336BFFA253F717500282ECD /* Resources */ = {
			isa = PBXResourcesBuildPhase;
			buildActionMask = 2147483647;
			files = (
			);
			runOnlyForDeploymentPostprocessing = 0;
		};
		C336C005253F717500282ECD /* Resources */ = {
			isa = PBXResourcesBuildPhase;
			buildActionMask = 2147483647;
			files = (
			);
			runOnlyForDeploymentPostprocessing = 0;
		};
/* End PBXResourcesBuildPhase section */

/* Begin PBXSourcesBuildPhase section */
		C336BFE7253F716C00282ECD /* Sources */ = {
			isa = PBXSourcesBuildPhase;
			buildActionMask = 2147483647;
			files = (
				C336BFF1253F716C00282ECD /* ContentView.swift in Sources */,
				C336C01D253F718E00282ECD /* MainView.swift in Sources */,
				C336BFEF253F716C00282ECD /* test_bitriseApp.swift in Sources */,
			);
			runOnlyForDeploymentPostprocessing = 0;
		};
		C336BFF8253F717500282ECD /* Sources */ = {
			isa = PBXSourcesBuildPhase;
			buildActionMask = 2147483647;
			files = (
				C336C001253F717500282ECD /* test_bitriseTests.swift in Sources */,
			);
			runOnlyForDeploymentPostprocessing = 0;
		};
		C336C003253F717500282ECD /* Sources */ = {
			isa = PBXSourcesBuildPhase;
			buildActionMask = 2147483647;
			files = (
				C336C00C253F717500282ECD /* test_bitriseUITests.swift in Sources */,
			);
			runOnlyForDeploymentPostprocessing = 0;
		};
/* End PBXSourcesBuildPhase section */

/* Begin PBXTargetDependency section */
		C336BFFE253F717500282ECD /* PBXTargetDependency */ = {
			isa = PBXTargetDependency;
			target = C336BFEA253F716C00282ECD /* test-bitrise */;
			targetProxy = C336BFFD253F717500282ECD /* PBXContainerItemProxy */;
		};
		C336C009253F717500282ECD /* PBXTargetDependency */ = {
			isa = PBXTargetDependency;
			target = C336BFEA253F716C00282ECD /* test-bitrise */;
			targetProxy = C336C008253F717500282ECD /* PBXContainerItemProxy */;
		};
/* End PBXTargetDependency section */

/* Begin XCBuildConfiguration section */
		C336C00E253F717500282ECD /* Debug */ = {
			isa = XCBuildConfiguration;
			buildSettings = {
				ALWAYS_SEARCH_USER_PATHS = NO;
				CLANG_ANALYZER_NONNULL = YES;
				CLANG_ANALYZER_NUMBER_OBJECT_CONVERSION = YES_AGGRESSIVE;
				CLANG_CXX_LANGUAGE_STANDARD = "gnu++14";
				CLANG_CXX_LIBRARY = "libc++";
				CLANG_ENABLE_MODULES = YES;
				CLANG_ENABLE_OBJC_ARC = YES;
				CLANG_ENABLE_OBJC_WEAK = YES;
				CLANG_WARN_BLOCK_CAPTURE_AUTORELEASING = YES;
				CLANG_WARN_BOOL_CONVERSION = YES;
				CLANG_WARN_COMMA = YES;
				CLANG_WARN_CONSTANT_CONVERSION = YES;
				CLANG_WARN_DEPRECATED_OBJC_IMPLEMENTATIONS = YES;
				CLANG_WARN_DIRECT_OBJC_ISA_USAGE = YES_ERROR;
				CLANG_WARN_DOCUMENTATION_COMMENTS = YES;
				CLANG_WARN_EMPTY_BODY = YES;
				CLANG_WARN_ENUM_CONVERSION = YES;
				CLANG_WARN_INFINITE_RECURSION = YES;
				CLANG_WARN_INT_CONVERSION = YES;
				CLANG_WARN_NON_LITERAL_NULL_CONVERSION = YES;
				CLANG_WARN_OBJC_IMPLICIT_RETAIN_SELF = YES;
				CLANG_WARN_OBJC_LITERAL_CONVERSION = YES;
				CLANG_WARN_OBJC_ROOT_CLASS = YES_ERROR;
				CLANG_WARN_QUOTED_INCLUDE_IN_FRAMEWORK_HEADER = YES;
				CLANG_WARN_RANGE_LOOP_ANALYSIS = YES;
				CLANG_WARN_STRICT_PROTOTYPES = YES;
				CLANG_WARN_SUSPICIOUS_MOVE = YES;
				CLANG_WARN_UNGUARDED_AVAILABILITY = YES_AGGRESSIVE;
				CLANG_WARN_UNREACHABLE_CODE = YES;
				CLANG_WARN__DUPLICATE_METHOD_MATCH = YES;
				COPY_PHASE_STRIP = NO;
				DEBUG_INFORMATION_FORMAT = dwarf;
				ENABLE_STRICT_OBJC_MSGSEND = YES;
				ENABLE_TESTABILITY = YES;
				GCC_C_LANGUAGE_STANDARD = gnu11;
				GCC_DYNAMIC_NO_PIC = NO;
				GCC_NO_COMMON_BLOCKS = YES;
				GCC_OPTIMIZATION_LEVEL = 0;
				GCC_PREPROCESSOR_DEFINITIONS = (
					"DEBUG=1",
					"$(inherited)",
				);
				GCC_WARN_64_TO_32_BIT_CONVERSION = YES;
				GCC_WARN_ABOUT_RETURN_TYPE = YES_ERROR;
				GCC_WARN_UNDECLARED_SELECTOR = YES;
				GCC_WARN_UNINITIALIZED_AUTOS = YES_AGGRESSIVE;
				GCC_WARN_UNUSED_FUNCTION = YES;
				GCC_WARN_UNUSED_VARIABLE = YES;
				IPHONEOS_DEPLOYMENT_TARGET = 14.0;
				MTL_ENABLE_DEBUG_INFO = INCLUDE_SOURCE;
				MTL_FAST_MATH = YES;
				ONLY_ACTIVE_ARCH = YES;
				SDKROOT = iphoneos;
				SWIFT_ACTIVE_COMPILATION_CONDITIONS = DEBUG;
				SWIFT_OPTIMIZATION_LEVEL = "-Onone";
			};
			name = Debug;
		};
		C336C00F253F717500282ECD /* Release */ = {
			isa = XCBuildConfiguration;
			buildSettings = {
				ALWAYS_SEARCH_USER_PATHS = NO;
				CLANG_ANALYZER_NONNULL = YES;
				CLANG_ANALYZER_NUMBER_OBJECT_CONVERSION = YES_AGGRESSIVE;
				CLANG_CXX_LANGUAGE_STANDARD = "gnu++14";
				CLANG_CXX_LIBRARY = "libc++";
				CLANG_ENABLE_MODULES = YES;
				CLANG_ENABLE_OBJC_ARC = YES;
				CLANG_ENABLE_OBJC_WEAK = YES;
				CLANG_WARN_BLOCK_CAPTURE_AUTORELEASING = YES;
				CLANG_WARN_BOOL_CONVERSION = YES;
				CLANG_WARN_COMMA = YES;
				CLANG_WARN_CONSTANT_CONVERSION = YES;
				CLANG_WARN_DEPRECATED_OBJC_IMPLEMENTATIONS = YES;
				CLANG_WARN_DIRECT_OBJC_ISA_USAGE = YES_ERROR;
				CLANG_WARN_DOCUMENTATION_COMMENTS = YES;
				CLANG_WARN_EMPTY_BODY = YES;
				CLANG_WARN_ENUM_CONVERSION = YES;
				CLANG_WARN_INFINITE_RECURSION = YES;
				CLANG_WARN_INT_CONVERSION = YES;
				CLANG_WARN_NON_LITERAL_NULL_CONVERSION = YES;
				CLANG_WARN_OBJC_IMPLICIT_RETAIN_SELF = YES;
				CLANG_WARN_OBJC_LITERAL_CONVERSION = YES;
				CLANG_WARN_OBJC_ROOT_CLASS = YES_ERROR;
				CLANG_WARN_QUOTED_INCLUDE_IN_FRAMEWORK_HEADER = YES;
				CLANG_WARN_RANGE_LOOP_ANALYSIS = YES;
				CLANG_WARN_STRICT_PROTOTYPES = YES;
				CLANG_WARN_SUSPICIOUS_MOVE = YES;
				CLANG_WARN_UNGUARDED_AVAILABILITY = YES_AGGRESSIVE;
				CLANG_WARN_UNREACHABLE_CODE = YES;
				CLANG_WARN__DUPLICATE_METHOD_MATCH = YES;
				COPY_PHASE_STRIP = NO;
				DEBUG_INFORMATION_FORMAT = "dwarf-with-dsym";
				ENABLE_NS_ASSERTIONS = NO;
				ENABLE_STRICT_OBJC_MSGSEND = YES;
				GCC_C_LANGUAGE_STANDARD = gnu11;
				GCC_NO_COMMON_BLOCKS = YES;
				GCC_WARN_64_TO_32_BIT_CONVERSION = YES;
				GCC_WARN_ABOUT_RETURN_TYPE = YES_ERROR;
				GCC_WARN_UNDECLARED_SELECTOR = YES;
				GCC_WARN_UNINITIALIZED_AUTOS = YES_AGGRESSIVE;
				GCC_WARN_UNUSED_FUNCTION = YES;
				GCC_WARN_UNUSED_VARIABLE = YES;
				IPHONEOS_DEPLOYMENT_TARGET = 14.0;
				MTL_ENABLE_DEBUG_INFO = NO;
				MTL_FAST_MATH = YES;
				SDKROOT = iphoneos;
				SWIFT_COMPILATION_MODE = wholemodule;
				SWIFT_OPTIMIZATION_LEVEL = "-O";
				VALIDATE_PRODUCT = YES;
			};
			name = Release;
		};
		C336C011253F717500282ECD /* Debug */ = {
			isa = XCBuildConfiguration;
			buildSettings = {
				ASSETCATALOG_COMPILER_APPICON_NAME = AppIcon;
				ASSETCATALOG_COMPILER_GLOBAL_ACCENT_COLOR_NAME = AccentColor;
				CODE_SIGN_STYLE = Automatic;
				DEVELOPMENT_ASSET_PATHS = "\"test-bitrise/Preview Content\"";
				DEVELOPMENT_TEAM = 3E73C93UXE;
				ENABLE_PREVIEWS = YES;
				INFOPLIST_FILE = "test-bitrise/Info.plist";
				IPHONEOS_DEPLOYMENT_TARGET = 14.0;
				LD_RUNPATH_SEARCH_PATHS = (
					"$(inherited)",
					"@executable_path/Frameworks",
				);
				PRODUCT_BUNDLE_IDENTIFIER = "com.gruntsoftware.test-bitrise.test-bitrise";
				PRODUCT_NAME = "$(TARGET_NAME)";
				SWIFT_VERSION = 5.0;
				TARGETED_DEVICE_FAMILY = "1,2";
			};
			name = Debug;
		};
		C336C012253F717500282ECD /* Release */ = {
			isa = XCBuildConfiguration;
			buildSettings = {
				ASSETCATALOG_COMPILER_APPICON_NAME = AppIcon;
				ASSETCATALOG_COMPILER_GLOBAL_ACCENT_COLOR_NAME = AccentColor;
				CODE_SIGN_STYLE = Automatic;
				DEVELOPMENT_ASSET_PATHS = "\"test-bitrise/Preview Content\"";
				DEVELOPMENT_TEAM = 3E73C93UXE;
				ENABLE_PREVIEWS = YES;
				INFOPLIST_FILE = "test-bitrise/Info.plist";
				IPHONEOS_DEPLOYMENT_TARGET = 14.0;
				LD_RUNPATH_SEARCH_PATHS = (
					"$(inherited)",
					"@executable_path/Frameworks",
				);
				PRODUCT_BUNDLE_IDENTIFIER = "com.gruntsoftware.test-bitrise.test-bitrise";
				PRODUCT_NAME = "$(TARGET_NAME)";
				SWIFT_VERSION = 5.0;
				TARGETED_DEVICE_FAMILY = "1,2";
			};
			name = Release;
		};
		C336C014253F717500282ECD /* Debug */ = {
			isa = XCBuildConfiguration;
			buildSettings = {
				ALWAYS_EMBED_SWIFT_STANDARD_LIBRARIES = YES;
				BUNDLE_LOADER = "$(TEST_HOST)";
				CODE_SIGN_STYLE = Automatic;
				DEVELOPMENT_TEAM = 3E73C93UXE;
				INFOPLIST_FILE = "test-bitriseTests/Info.plist";
				IPHONEOS_DEPLOYMENT_TARGET = 14.0;
				LD_RUNPATH_SEARCH_PATHS = (
					"$(inherited)",
					"@executable_path/Frameworks",
					"@loader_path/Frameworks",
				);
				PRODUCT_BUNDLE_IDENTIFIER = "com.gruntsoftware.test-bitrise.test-bitriseTests";
				PRODUCT_NAME = "$(TARGET_NAME)";
				SWIFT_VERSION = 5.0;
				TARGETED_DEVICE_FAMILY = "1,2";
				TEST_HOST = "$(BUILT_PRODUCTS_DIR)/test-bitrise.app/test-bitrise";
			};
			name = Debug;
		};
		C336C015253F717500282ECD /* Release */ = {
			isa = XCBuildConfiguration;
			buildSettings = {
				ALWAYS_EMBED_SWIFT_STANDARD_LIBRARIES = YES;
				BUNDLE_LOADER = "$(TEST_HOST)";
				CODE_SIGN_STYLE = Automatic;
				DEVELOPMENT_TEAM = 3E73C93UXE;
				INFOPLIST_FILE = "test-bitriseTests/Info.plist";
				IPHONEOS_DEPLOYMENT_TARGET = 14.0;
				LD_RUNPATH_SEARCH_PATHS = (
					"$(inherited)",
					"@executable_path/Frameworks",
					"@loader_path/Frameworks",
				);
				PRODUCT_BUNDLE_IDENTIFIER = "com.gruntsoftware.test-bitrise.test-bitriseTests";
				PRODUCT_NAME = "$(TARGET_NAME)";
				SWIFT_VERSION = 5.0;
				TARGETED_DEVICE_FAMILY = "1,2";
				TEST_HOST = "$(BUILT_PRODUCTS_DIR)/test-bitrise.app/test-bitrise";
			};
			name = Release;
		};
		C336C017253F717500282ECD /* Debug */ = {
			isa = XCBuildConfiguration;
			buildSettings = {
				ALWAYS_EMBED_SWIFT_STANDARD_LIBRARIES = YES;
				CODE_SIGN_STYLE = Automatic;
				DEVELOPMENT_TEAM = 3E73C93UXE;
				INFOPLIST_FILE = "test-bitriseUITests/Info.plist";
				LD_RUNPATH_SEARCH_PATHS = (
					"$(inherited)",
					"@executable_path/Frameworks",
					"@loader_path/Frameworks",
				);
				PRODUCT_BUNDLE_IDENTIFIER = "com.gruntsoftware.test-bitrise.test-bitriseUITests";
				PRODUCT_NAME = "$(TARGET_NAME)";
				SWIFT_VERSION = 5.0;
				TARGETED_DEVICE_FAMILY = "1,2";
				TEST_TARGET_NAME = "test-bitrise";
			};
			name = Debug;
		};
		C336C018253F717500282ECD /* Release */ = {
			isa = XCBuildConfiguration;
			buildSettings = {
				ALWAYS_EMBED_SWIFT_STANDARD_LIBRARIES = YES;
				CODE_SIGN_STYLE = Automatic;
				DEVELOPMENT_TEAM = 3E73C93UXE;
				INFOPLIST_FILE = "test-bitriseUITests/Info.plist";
				LD_RUNPATH_SEARCH_PATHS = (
					"$(inherited)",
					"@executable_path/Frameworks",
					"@loader_path/Frameworks",
				);
				PRODUCT_BUNDLE_IDENTIFIER = "com.gruntsoftware.test-bitrise.test-bitriseUITests";
				PRODUCT_NAME = "$(TARGET_NAME)";
				SWIFT_VERSION = 5.0;
				TARGETED_DEVICE_FAMILY = "1,2";
				TEST_TARGET_NAME = "test-bitrise";
			};
			name = Release;
		};
/* End XCBuildConfiguration section */

/* Begin XCConfigurationList section */
		C336BFE6253F716C00282ECD /* Build configuration list for PBXProject "test-bitrise" */ = {
			isa = XCConfigurationList;
			buildConfigurations = (
				C336C00E253F717500282ECD /* Debug */,
				C336C00F253F717500282ECD /* Release */,
			);
			defaultConfigurationIsVisible = 0;
			defaultConfigurationName = Release;
		};
		C336C010253F717500282ECD /* Build configuration list for PBXNativeTarget "test-bitrise" */ = {
			isa = XCConfigurationList;
			buildConfigurations = (
				C336C011253F717500282ECD /* Debug */,
				C336C012253F717500282ECD /* Release */,
			);
			defaultConfigurationIsVisible = 0;
			defaultConfigurationName = Release;
		};
		C336C013253F717500282ECD /* Build configuration list for PBXNativeTarget "test-bitriseTests" */ = {
			isa = XCConfigurationList;
			buildConfigurations = (
				C336C014253F717500282ECD /* Debug */,
				C336C015253F717500282ECD /* Release */,
			);
			defaultConfigurationIsVisible = 0;
			defaultConfigurationName = Release;
		};
		C336C016253F717500282ECD /* Build configuration list for PBXNativeTarget "test-bitriseUITests" */ = {
			isa = XCConfigurationList;
			buildConfigurations = (
				C336C017253F717500282ECD /* Debug */,
				C336C018253F717500282ECD /* Release */,
			);
			defaultConfigurationIsVisible = 0;
			defaultConfigurationName = Release;
		};
/* End XCConfigurationList section */
	};
	rootObject = C336BFE3253F716C00282ECD /* Project object */;
}
